
Microsoft Visual Studio Solution File, Format Version 12.00
# Visual Studio 15
VisualStudioVersion = 15.0.28010.2036
MinimumVisualStudioVersion = 10.0.40219.1
Project("{FAE04EC0-301F-11D3-BF4B-00C04F79EFBC}") = "QuanLyDoi", "QuanLyDoi\QuanLyDoi.csproj", "{F395B044-91D8-4976-B18F-B33EFBDFFF5A}"
EndProject
Global
	GlobalSection(SolutionConfigurationPlatforms) = preSolution
		Debug|Any CPU = Debug|Any CPU
		Release|Any CPU = Release|Any CPU
	EndGlobalSection
	GlobalSection(ProjectConfigurationPlatforms) = postSolution
		{F395B044-91D8-4976-B18F-B33EFBDFFF5A}.Debug|Any CPU.ActiveCfg = Debug|Any CPU
		{F395B044-91D8-4976-B18F-B33EFBDFFF5A}.Debug|Any CPU.Build.0 = Debug|Any CPU
		{F395B044-91D8-4976-B18F-B33EFBDFFF5A}.Release|Any CPU.ActiveCfg = Release|Any CPU
		{F395B044-91D8-4976-B18F-B33EFBDFFF5A}.Release|Any CPU.Build.0 = Release|Any CPU
	EndGlobalSection
	GlobalSection(SolutionProperties) = preSolution
		HideSolutionNode = FALSE
	EndGlobalSection
	GlobalSection(ExtensibilityGlobals) = postSolution
		SolutionGuid = {759C1756-99CA-4AF6-8831-8119458F1420}
	EndGlobalSection
EndGlobal
